
Microsoft Visual Studio Solution File, Format Version 12.00
# Visual Studio Version 17
VisualStudioVersion = 17.13.35507.96 d17.13
MinimumVisualStudioVersion = 10.0.40219.1
Project("{FAE04EC0-301F-11D3-BF4B-00C04F79EFBC}") = "function", "function\function.csproj", "{B164D041-866D-49B6-AC96-05A050739822}"
EndProject
Project("{FAE04EC0-301F-11D3-BF4B-00C04F79EFBC}") = "liczbaPierwsza", "liczbaPierwsza\liczbaPierwsza.csproj", "{ED2E78C4-49B7-4D92-9523-54FFF86A073E}"
EndProject
Project("{FAE04EC0-301F-11D3-BF4B-00C04F79EFBC}") = "unityConverter", "unityConverter\unityConverter.csproj", "{644BB556-30FD-4A06-BB2C-3A9AF82BC45A}"
EndProject
Global
	GlobalSection(SolutionConfigurationPlatforms) = preSolution
		Debug|Any CPU = Debug|Any CPU
		Release|Any CPU = Release|Any CPU
	EndGlobalSection
	GlobalSection(ProjectConfigurationPlatforms) = postSolution
		{B164D041-866D-49B6-AC96-05A050739822}.Debug|Any CPU.ActiveCfg = Debug|Any CPU
		{B164D041-866D-49B6-AC96-05A050739822}.Debug|Any CPU.Build.0 = Debug|Any CPU
		{B164D041-866D-49B6-AC96-05A050739822}.Release|Any CPU.ActiveCfg = Release|Any CPU
		{B164D041-866D-49B6-AC96-05A050739822}.Release|Any CPU.Build.0 = Release|Any CPU
		{ED2E78C4-49B7-4D92-9523-54FFF86A073E}.Debug|Any CPU.ActiveCfg = Debug|Any CPU
		{ED2E78C4-49B7-4D92-9523-54FFF86A073E}.Debug|Any CPU.Build.0 = Debug|Any CPU
		{ED2E78C4-49B7-4D92-9523-54FFF86A073E}.Release|Any CPU.ActiveCfg = Release|Any CPU
		{ED2E78C4-49B7-4D92-9523-54FFF86A073E}.Release|Any CPU.Build.0 = Release|Any CPU
		{644BB556-30FD-4A06-BB2C-3A9AF82BC45A}.Debug|Any CPU.ActiveCfg = Debug|Any CPU
		{644BB556-30FD-4A06-BB2C-3A9AF82BC45A}.Debug|Any CPU.Build.0 = Debug|Any CPU
		{644BB556-30FD-4A06-BB2C-3A9AF82BC45A}.Release|Any CPU.ActiveCfg = Release|Any CPU
		{644BB556-30FD-4A06-BB2C-3A9AF82BC45A}.Release|Any CPU.Build.0 = Release|Any CPU
	EndGlobalSection
	GlobalSection(SolutionProperties) = preSolution
		HideSolutionNode = FALSE
	EndGlobalSection
	GlobalSection(ExtensibilityGlobals) = postSolution
		SolutionGuid = {1C603D05-766E-41A9-BDFB-B8DAFB7A2B22}
	EndGlobalSection
EndGlobal
